
Microsoft Visual Studio Solution File, Format Version 12.00
# Visual Studio Version 16
VisualStudioVersion = 16.0.29306.81
MinimumVisualStudioVersion = 10.0.40219.1
Project("{FAE04EC0-301F-11D3-BF4B-00C04F79EFBC}") = "TwoIntegers", "TwoIntegers\TwoIntegers.csproj", "{BE4FD7AF-AFFF-4521-BFF0-331D1986DCD0}"
EndProject
Global
	GlobalSection(SolutionConfigurationPlatforms) = preSolution
		Debug|Any CPU = Debug|Any CPU
		Release|Any CPU = Release|Any CPU
	EndGlobalSection
	GlobalSection(ProjectConfigurationPlatforms) = postSolution
		{BE4FD7AF-AFFF-4521-BFF0-331D1986DCD0}.Debug|Any CPU.ActiveCfg = Debug|Any CPU
		{BE4FD7AF-AFFF-4521-BFF0-331D1986DCD0}.Debug|Any CPU.Build.0 = Debug|Any CPU
		{BE4FD7AF-AFFF-4521-BFF0-331D1986DCD0}.Release|Any CPU.ActiveCfg = Release|Any CPU
		{BE4FD7AF-AFFF-4521-BFF0-331D1986DCD0}.Release|Any CPU.Build.0 = Release|Any CPU
	EndGlobalSection
	GlobalSection(SolutionProperties) = preSolution
		HideSolutionNode = FALSE
	EndGlobalSection
	GlobalSection(ExtensibilityGlobals) = postSolution
		SolutionGuid = {E70E49EB-E1AA-4968-9288-F1BBFB721E4F}
	EndGlobalSection
EndGlobal
