
Microsoft Visual Studio Solution File, Format Version 12.00
# Visual Studio Version 16
VisualStudioVersion = 16.0.29306.81
MinimumVisualStudioVersion = 10.0.40219.1
Project("{FAE04EC0-301F-11D3-BF4B-00C04F79EFBC}") = "InheriInterface", "InheriInterface\InheriInterface.csproj", "{DB2C355B-2A1C-4122-90AA-77AD8D6090D2}"
EndProject
Global
	GlobalSection(SolutionConfigurationPlatforms) = preSolution
		Debug|Any CPU = Debug|Any CPU
		Release|Any CPU = Release|Any CPU
	EndGlobalSection
	GlobalSection(ProjectConfigurationPlatforms) = postSolution
		{DB2C355B-2A1C-4122-90AA-77AD8D6090D2}.Debug|Any CPU.ActiveCfg = Debug|Any CPU
		{DB2C355B-2A1C-4122-90AA-77AD8D6090D2}.Debug|Any CPU.Build.0 = Debug|Any CPU
		{DB2C355B-2A1C-4122-90AA-77AD8D6090D2}.Release|Any CPU.ActiveCfg = Release|Any CPU
		{DB2C355B-2A1C-4122-90AA-77AD8D6090D2}.Release|Any CPU.Build.0 = Release|Any CPU
	EndGlobalSection
	GlobalSection(SolutionProperties) = preSolution
		HideSolutionNode = FALSE
	EndGlobalSection
	GlobalSection(ExtensibilityGlobals) = postSolution
		SolutionGuid = {D3977399-026E-4240-B093-BA7E219D86CB}
	EndGlobalSection
EndGlobal
