
Microsoft Visual Studio Solution File, Format Version 12.00
# Visual Studio Version 16
VisualStudioVersion = 16.0.29306.81
MinimumVisualStudioVersion = 10.0.40219.1
Project("{FAE04EC0-301F-11D3-BF4B-00C04F79EFBC}") = "ExceptionHandling", "ExceptionHandling\ExceptionHandling.csproj", "{F17441E2-D3C6-49B7-B795-64765DAFD3C2}"
EndProject
Global
	GlobalSection(SolutionConfigurationPlatforms) = preSolution
		Debug|Any CPU = Debug|Any CPU
		Release|Any CPU = Release|Any CPU
	EndGlobalSection
	GlobalSection(ProjectConfigurationPlatforms) = postSolution
		{F17441E2-D3C6-49B7-B795-64765DAFD3C2}.Debug|Any CPU.ActiveCfg = Debug|Any CPU
		{F17441E2-D3C6-49B7-B795-64765DAFD3C2}.Debug|Any CPU.Build.0 = Debug|Any CPU
		{F17441E2-D3C6-49B7-B795-64765DAFD3C2}.Release|Any CPU.ActiveCfg = Release|Any CPU
		{F17441E2-D3C6-49B7-B795-64765DAFD3C2}.Release|Any CPU.Build.0 = Release|Any CPU
	EndGlobalSection
	GlobalSection(SolutionProperties) = preSolution
		HideSolutionNode = FALSE
	EndGlobalSection
	GlobalSection(ExtensibilityGlobals) = postSolution
		SolutionGuid = {D9C5CB6D-8432-4BAE-B358-424537AC1C8F}
	EndGlobalSection
EndGlobal
