
Microsoft Visual Studio Solution File, Format Version 12.00
# Visual Studio Version 16
VisualStudioVersion = 16.0.29306.81
MinimumVisualStudioVersion = 10.0.40219.1
Project("{FAE04EC0-301F-11D3-BF4B-00C04F79EFBC}") = "EnumDay", "EnumDay\EnumDay.csproj", "{596DEF99-7058-4207-9C26-0D4F4A378761}"
EndProject
Global
	GlobalSection(SolutionConfigurationPlatforms) = preSolution
		Debug|Any CPU = Debug|Any CPU
		Release|Any CPU = Release|Any CPU
	EndGlobalSection
	GlobalSection(ProjectConfigurationPlatforms) = postSolution
		{596DEF99-7058-4207-9C26-0D4F4A378761}.Debug|Any CPU.ActiveCfg = Debug|Any CPU
		{596DEF99-7058-4207-9C26-0D4F4A378761}.Debug|Any CPU.Build.0 = Debug|Any CPU
		{596DEF99-7058-4207-9C26-0D4F4A378761}.Release|Any CPU.ActiveCfg = Release|Any CPU
		{596DEF99-7058-4207-9C26-0D4F4A378761}.Release|Any CPU.Build.0 = Release|Any CPU
	EndGlobalSection
	GlobalSection(SolutionProperties) = preSolution
		HideSolutionNode = FALSE
	EndGlobalSection
	GlobalSection(ExtensibilityGlobals) = postSolution
		SolutionGuid = {DFFFF67B-32F5-4B79-A177-6AFA8E594B7A}
	EndGlobalSection
EndGlobal
